
Microsoft Visual Studio Solution File, Format Version 12.00
# Visual Studio Version 16
VisualStudioVersion = 16.0.29905.134
MinimumVisualStudioVersion = 10.0.40219.1
Project("{FAE04EC0-301F-11D3-BF4B-00C04F79EFBC}") = "WebService", "WebService\WebService.csproj", "{A9F27B12-6483-461E-BD5E-BF227AD2E66C}"
EndProject
Project("{2150E333-8FDC-42A3-9474-1A3956D46DE8}") = "Data", "Data", "{906A7439-1E4A-4290-8254-5F69BC1AD867}"
	ProjectSection(SolutionItems) = preProject
		Data\employees.json = Data\employees.json
		Data\employees.txt = Data\employees.txt
	EndProjectSection
EndProject
Project("{FAE04EC0-301F-11D3-BF4B-00C04F79EFBC}") = "JsonEmployeeGenerator", "JsonEmployeeGenerator\JsonEmployeeGenerator.csproj", "{4F88BA2B-455B-407A-89EC-2A28F2702E44}"
EndProject
Project("{9A19103F-16F7-4668-BE54-9A1E7A4F7556}") = "ReportingTool.Data", "ReportingTool.Data\ReportingTool.Data.csproj", "{3CAFD430-8C8D-4151-8F6E-52D56AEC3D1D}"
EndProject
Project("{9A19103F-16F7-4668-BE54-9A1E7A4F7556}") = "ReportingTool.Web", "ReportingTool.Web\ReportingTool.Web.csproj", "{BE27F87D-C39A-4A09-AC00-89A7AB4B8518}"
EndProject
Project("{9A19103F-16F7-4668-BE54-9A1E7A4F7556}") = "ReportingTool.Services", "ReportingTool.Services\ReportingTool.Services.csproj", "{79C0B9DB-2602-4457-8735-41E903B620F4}"
EndProject
Global
	GlobalSection(SolutionConfigurationPlatforms) = preSolution
		Debug|Any CPU = Debug|Any CPU
		Release|Any CPU = Release|Any CPU
	EndGlobalSection
	GlobalSection(ProjectConfigurationPlatforms) = postSolution
		{A9F27B12-6483-461E-BD5E-BF227AD2E66C}.Debug|Any CPU.ActiveCfg = Debug|Any CPU
		{A9F27B12-6483-461E-BD5E-BF227AD2E66C}.Debug|Any CPU.Build.0 = Debug|Any CPU
		{A9F27B12-6483-461E-BD5E-BF227AD2E66C}.Release|Any CPU.ActiveCfg = Release|Any CPU
		{A9F27B12-6483-461E-BD5E-BF227AD2E66C}.Release|Any CPU.Build.0 = Release|Any CPU
		{4F88BA2B-455B-407A-89EC-2A28F2702E44}.Debug|Any CPU.ActiveCfg = Debug|Any CPU
		{4F88BA2B-455B-407A-89EC-2A28F2702E44}.Debug|Any CPU.Build.0 = Debug|Any CPU
		{4F88BA2B-455B-407A-89EC-2A28F2702E44}.Release|Any CPU.ActiveCfg = Release|Any CPU
		{4F88BA2B-455B-407A-89EC-2A28F2702E44}.Release|Any CPU.Build.0 = Release|Any CPU
		{3CAFD430-8C8D-4151-8F6E-52D56AEC3D1D}.Debug|Any CPU.ActiveCfg = Debug|Any CPU
		{3CAFD430-8C8D-4151-8F6E-52D56AEC3D1D}.Debug|Any CPU.Build.0 = Debug|Any CPU
		{3CAFD430-8C8D-4151-8F6E-52D56AEC3D1D}.Release|Any CPU.ActiveCfg = Release|Any CPU
		{3CAFD430-8C8D-4151-8F6E-52D56AEC3D1D}.Release|Any CPU.Build.0 = Release|Any CPU
		{BE27F87D-C39A-4A09-AC00-89A7AB4B8518}.Debug|Any CPU.ActiveCfg = Debug|Any CPU
		{BE27F87D-C39A-4A09-AC00-89A7AB4B8518}.Debug|Any CPU.Build.0 = Debug|Any CPU
		{BE27F87D-C39A-4A09-AC00-89A7AB4B8518}.Release|Any CPU.ActiveCfg = Release|Any CPU
		{BE27F87D-C39A-4A09-AC00-89A7AB4B8518}.Release|Any CPU.Build.0 = Release|Any CPU
		{79C0B9DB-2602-4457-8735-41E903B620F4}.Debug|Any CPU.ActiveCfg = Debug|Any CPU
		{79C0B9DB-2602-4457-8735-41E903B620F4}.Debug|Any CPU.Build.0 = Debug|Any CPU
		{79C0B9DB-2602-4457-8735-41E903B620F4}.Release|Any CPU.ActiveCfg = Release|Any CPU
		{79C0B9DB-2602-4457-8735-41E903B620F4}.Release|Any CPU.Build.0 = Release|Any CPU
	EndGlobalSection
	GlobalSection(SolutionProperties) = preSolution
		HideSolutionNode = FALSE
	EndGlobalSection
	GlobalSection(ExtensibilityGlobals) = postSolution
		SolutionGuid = {2D74AFEE-76BE-4063-AC91-BD3673FD6AC5}
	EndGlobalSection
EndGlobal
